
Microsoft Visual Studio Solution File, Format Version 12.00
# Visual Studio 14
VisualStudioVersion = 14.0.25420.1
MinimumVisualStudioVersion = 10.0.40219.1
Project("{FAE04EC0-301F-11D3-BF4B-00C04F79EFBC}") = "MongoDbDemo", "MongoDbDemo\MongoDbDemo.csproj", "{5BDF11AF-55B9-41BC-BBA1-8C14AEC7FA09}"
EndProject
Project("{FAE04EC0-301F-11D3-BF4B-00C04F79EFBC}") = "MongoDbDemo.Tests", "MongoDbDemo.Tests\MongoDbDemo.Tests.csproj", "{569B6A59-81C8-44D1-A3EB-A508B41D9937}"
EndProject
Project("{FAE04EC0-301F-11D3-BF4B-00C04F79EFBC}") = "MongoDbDemoConsole", "MongoDbDemoConsole\MongoDbDemoConsole.csproj", "{3273B9B7-8DC0-4AAC-B712-6D770D9B0267}"
EndProject
Global
	GlobalSection(SolutionConfigurationPlatforms) = preSolution
		Debug|Any CPU = Debug|Any CPU
		Release|Any CPU = Release|Any CPU
	EndGlobalSection
	GlobalSection(ProjectConfigurationPlatforms) = postSolution
		{5BDF11AF-55B9-41BC-BBA1-8C14AEC7FA09}.Debug|Any CPU.ActiveCfg = Debug|Any CPU
		{5BDF11AF-55B9-41BC-BBA1-8C14AEC7FA09}.Debug|Any CPU.Build.0 = Debug|Any CPU
		{5BDF11AF-55B9-41BC-BBA1-8C14AEC7FA09}.Release|Any CPU.ActiveCfg = Release|Any CPU
		{5BDF11AF-55B9-41BC-BBA1-8C14AEC7FA09}.Release|Any CPU.Build.0 = Release|Any CPU
		{569B6A59-81C8-44D1-A3EB-A508B41D9937}.Debug|Any CPU.ActiveCfg = Debug|Any CPU
		{569B6A59-81C8-44D1-A3EB-A508B41D9937}.Debug|Any CPU.Build.0 = Debug|Any CPU
		{569B6A59-81C8-44D1-A3EB-A508B41D9937}.Release|Any CPU.ActiveCfg = Release|Any CPU
		{569B6A59-81C8-44D1-A3EB-A508B41D9937}.Release|Any CPU.Build.0 = Release|Any CPU
		{3273B9B7-8DC0-4AAC-B712-6D770D9B0267}.Debug|Any CPU.ActiveCfg = Debug|Any CPU
		{3273B9B7-8DC0-4AAC-B712-6D770D9B0267}.Debug|Any CPU.Build.0 = Debug|Any CPU
		{3273B9B7-8DC0-4AAC-B712-6D770D9B0267}.Release|Any CPU.ActiveCfg = Release|Any CPU
		{3273B9B7-8DC0-4AAC-B712-6D770D9B0267}.Release|Any CPU.Build.0 = Release|Any CPU
	EndGlobalSection
	GlobalSection(SolutionProperties) = preSolution
		HideSolutionNode = FALSE
	EndGlobalSection
EndGlobal
